
Microsoft Visual Studio Solution File, Format Version 12.00
# Visual Studio 15
VisualStudioVersion = 15.0.27703.2047
MinimumVisualStudioVersion = 10.0.40219.1
Project("{FAE04EC0-301F-11D3-BF4B-00C04F79EFBC}") = "SearchDatabases", "SearchDatabases\SearchDatabases.csproj", "{310379A4-A4FE-4311-B277-A46604B0145B}"
EndProject
Global
	GlobalSection(SolutionConfigurationPlatforms) = preSolution
		Debug|Any CPU = Debug|Any CPU
		Release|Any CPU = Release|Any CPU
	EndGlobalSection
	GlobalSection(ProjectConfigurationPlatforms) = postSolution
		{310379A4-A4FE-4311-B277-A46604B0145B}.Debug|Any CPU.ActiveCfg = Debug|Any CPU
		{310379A4-A4FE-4311-B277-A46604B0145B}.Debug|Any CPU.Build.0 = Debug|Any CPU
		{310379A4-A4FE-4311-B277-A46604B0145B}.Release|Any CPU.ActiveCfg = Release|Any CPU
		{310379A4-A4FE-4311-B277-A46604B0145B}.Release|Any CPU.Build.0 = Release|Any CPU
	EndGlobalSection
	GlobalSection(SolutionProperties) = preSolution
		HideSolutionNode = FALSE
	EndGlobalSection
	GlobalSection(ExtensibilityGlobals) = postSolution
		SolutionGuid = {0CEBBD7F-1944-44A0-B1D8-D8A60361ED37}
	EndGlobalSection
EndGlobal
